
Microsoft Visual Studio Solution File, Format Version 11.00
# Visual Studio 2010
Project("{FAE04EC0-301F-11D3-BF4B-00C04F79EFBC}") = "Assembly-CSharp", "Assembly-CSharp.csproj", "{487b791b-5899-5da6-9030-0e81d8d5353a}"
EndProject
Project("{FAE04EC0-301F-11D3-BF4B-00C04F79EFBC}") = "Assembly-CSharp-Editor", "Assembly-CSharp-Editor.csproj", "{4d3fc086-4ed5-a78f-77e0-d89ad44d0903}"
EndProject
Global
	GlobalSection(SolutionConfigurationPlatforms) = preSolution
		Debug|Any CPU = Debug|Any CPU
	EndGlobalSection
	GlobalSection(ProjectConfigurationPlatforms) = postSolution
		{487b791b-5899-5da6-9030-0e81d8d5353a}.Debug|Any CPU.ActiveCfg = Debug|Any CPU
		{487b791b-5899-5da6-9030-0e81d8d5353a}.Debug|Any CPU.Build.0 = Debug|Any CPU
		{4d3fc086-4ed5-a78f-77e0-d89ad44d0903}.Debug|Any CPU.ActiveCfg = Debug|Any CPU
		{4d3fc086-4ed5-a78f-77e0-d89ad44d0903}.Debug|Any CPU.Build.0 = Debug|Any CPU
	EndGlobalSection
	GlobalSection(SolutionProperties) = preSolution
		HideSolutionNode = FALSE
	EndGlobalSection
EndGlobal
